
Microsoft Visual Studio Solution File, Format Version 12.00
# Visual Studio Version 16
VisualStudioVersion = 16.0.29613.14
MinimumVisualStudioVersion = 10.0.40219.1
Project("{FAE04EC0-301F-11D3-BF4B-00C04F79EFBC}") = "GameAt", "GameAt\GameAt.csproj", "{B0F42F0C-4A25-421A-89FE-1C6667B08EEB}"
EndProject
Global
	GlobalSection(SolutionConfigurationPlatforms) = preSolution
		Debug|Any CPU = Debug|Any CPU
		Release|Any CPU = Release|Any CPU
	EndGlobalSection
	GlobalSection(ProjectConfigurationPlatforms) = postSolution
		{B0F42F0C-4A25-421A-89FE-1C6667B08EEB}.Debug|Any CPU.ActiveCfg = Debug|Any CPU
		{B0F42F0C-4A25-421A-89FE-1C6667B08EEB}.Debug|Any CPU.Build.0 = Debug|Any CPU
		{B0F42F0C-4A25-421A-89FE-1C6667B08EEB}.Release|Any CPU.ActiveCfg = Release|Any CPU
		{B0F42F0C-4A25-421A-89FE-1C6667B08EEB}.Release|Any CPU.Build.0 = Release|Any CPU
	EndGlobalSection
	GlobalSection(SolutionProperties) = preSolution
		HideSolutionNode = FALSE
	EndGlobalSection
	GlobalSection(ExtensibilityGlobals) = postSolution
		SolutionGuid = {AEB722F2-2328-454C-A5DC-91208A736E08}
	EndGlobalSection
EndGlobal
